{
  "version": 4,
  "terraform_version": "1.0.11",
  "serial": 44,
  "lineage": "0068b518-a4a8-f845-5947-7c7e56b98903",
  "outputs": {},
  "resources": [
    {
      "mode": "managed",
      "type": "aws_eip",
      "name": "tf-eip",
      "provider": "provider[\"registry.terraform.io/hashicorp/aws\"]",
      "instances": [
        {
          "schema_version": 0,
          "attributes": {
            "address": null,
            "allocation_id": "eipalloc-05accd2ddff6b9a6c",
            "associate_with_private_ip": null,
            "association_id": "eipassoc-0e044e0a44b38d189",
            "carrier_ip": "",
            "customer_owned_ip": "",
            "customer_owned_ipv4_pool": "",
            "domain": "vpc",
            "id": "eipalloc-05accd2ddff6b9a6c",
            "instance": "",
            "network_border_group": "us-east-1",
            "network_interface": "eni-054ba275dcd9865f4",
            "private_dns": "ip-10-0-1-122.ec2.internal",
            "private_ip": "10.0.1.122",
            "public_dns": "ec2-3-227-93-81.compute-1.amazonaws.com",
            "public_ip": "3.227.93.81",
            "public_ipv4_pool": "amazon",
            "tags": {},
            "tags_all": {
              "Deployment": "DEPLOYMENT_09_TERRAFORM",
              "Team": "Kura Labs"
            },
            "timeouts": null,
            "vpc": true
          },
          "sensitive_attributes": [],
          "private": "eyJlMmJmYjczMC1lY2FhLTExZTYtOGY4OC0zNDM2M2JjN2M0YzAiOnsiZGVsZXRlIjoxODAwMDAwMDAwMDAsInJlYWQiOjkwMDAwMDAwMDAwMCwidXBkYXRlIjozMDAwMDAwMDAwMDB9fQ=="
        }
      ]
    },
    {
      "mode": "managed",
      "type": "aws_internet_gateway",
      "name": "ig1",
      "provider": "provider[\"registry.terraform.io/hashicorp/aws\"]",
      "instances": [
        {
          "schema_version": 0,
          "attributes": {
            "arn": "arn:aws:ec2:us-east-1:751176294426:internet-gateway/igw-085847f1793beb7eb",
            "id": "igw-085847f1793beb7eb",
            "owner_id": "751176294426",
            "tags": {
              "Name": "ig1"
            },
            "tags_all": {
              "Deployment": "DEPLOYMENT_09_TERRAFORM",
              "Name": "ig1",
              "Team": "Kura Labs"
            },
            "vpc_id": "vpc-0972e35e18fa9e55e"
          },
          "sensitive_attributes": [],
          "private": "bnVsbA==",
          "dependencies": [
            "aws_vpc.main"
          ]
        }
      ]
    },
    {
      "mode": "managed",
      "type": "aws_nat_gateway",
      "name": "nat-gw1",
      "provider": "provider[\"registry.terraform.io/hashicorp/aws\"]",
      "instances": [
        {
          "schema_version": 0,
          "attributes": {
            "allocation_id": "eipalloc-05accd2ddff6b9a6c",
            "connectivity_type": "public",
            "id": "nat-0bbf393c4cbafc39e",
            "network_interface_id": "eni-054ba275dcd9865f4",
            "private_ip": "10.0.1.122",
            "public_ip": "3.227.93.81",
            "subnet_id": "subnet-04e5538eeb0a261d7",
            "tags": {
              "Name": "tf-nat"
            },
            "tags_all": {
              "Deployment": "DEPLOYMENT_09_TERRAFORM",
              "Name": "tf-nat",
              "Team": "Kura Labs"
            }
          },
          "sensitive_attributes": [],
          "private": "bnVsbA==",
          "dependencies": [
            "aws_internet_gateway.ig1",
            "aws_subnet.public01",
            "aws_vpc.main",
            "aws_eip.tf-eip"
          ]
        }
      ]
    },
    {
      "mode": "managed",
      "type": "aws_route_table",
      "name": "test-route-table",
      "provider": "provider[\"registry.terraform.io/hashicorp/aws\"]",
      "instances": [
        {
          "schema_version": 0,
          "attributes": {
            "arn": "arn:aws:ec2:us-east-1:751176294426:route-table/rtb-0414e5c34fd3189f2",
            "id": "rtb-0414e5c34fd3189f2",
            "owner_id": "751176294426",
            "propagating_vgws": [],
            "route": [
              {
                "carrier_gateway_id": "",
                "cidr_block": "0.0.0.0/0",
                "destination_prefix_list_id": "",
                "egress_only_gateway_id": "",
                "gateway_id": "igw-085847f1793beb7eb",
                "instance_id": "",
                "ipv6_cidr_block": "",
                "local_gateway_id": "",
                "nat_gateway_id": "",
                "network_interface_id": "",
                "transit_gateway_id": "",
                "vpc_endpoint_id": "",
                "vpc_peering_connection_id": ""
              }
            ],
            "tags": {
              "Name": "tf-route-table-test"
            },
            "tags_all": {
              "Deployment": "DEPLOYMENT_09_TERRAFORM",
              "Name": "tf-route-table-test",
              "Team": "Kura Labs"
            },
            "timeouts": null,
            "vpc_id": "vpc-0972e35e18fa9e55e"
          },
          "sensitive_attributes": [],
          "private": "eyJlMmJmYjczMC1lY2FhLTExZTYtOGY4OC0zNDM2M2JjN2M0YzAiOnsiY3JlYXRlIjoxMjAwMDAwMDAwMDAsImRlbGV0ZSI6MzAwMDAwMDAwMDAwLCJ1cGRhdGUiOjEyMDAwMDAwMDAwMH19",
          "dependencies": [
            "aws_internet_gateway.ig1",
            "aws_vpc.main"
          ]
        }
      ]
    },
    {
      "mode": "managed",
      "type": "aws_route_table",
      "name": "tf-private-route-table",
      "provider": "provider[\"registry.terraform.io/hashicorp/aws\"]",
      "instances": [
        {
          "schema_version": 0,
          "attributes": {
            "arn": "arn:aws:ec2:us-east-1:751176294426:route-table/rtb-045a24b5999c4d93b",
            "id": "rtb-045a24b5999c4d93b",
            "owner_id": "751176294426",
            "propagating_vgws": [],
            "route": [
              {
                "carrier_gateway_id": "",
                "cidr_block": "0.0.0.0/0",
                "destination_prefix_list_id": "",
                "egress_only_gateway_id": "",
                "gateway_id": "",
                "instance_id": "",
                "ipv6_cidr_block": "",
                "local_gateway_id": "",
                "nat_gateway_id": "nat-0bbf393c4cbafc39e",
                "network_interface_id": "",
                "transit_gateway_id": "",
                "vpc_endpoint_id": "",
                "vpc_peering_connection_id": ""
              }
            ],
            "tags": {
              "Name": "tf-private-route-table"
            },
            "tags_all": {
              "Deployment": "DEPLOYMENT_09_TERRAFORM",
              "Name": "tf-private-route-table",
              "Team": "Kura Labs"
            },
            "timeouts": null,
            "vpc_id": "vpc-0972e35e18fa9e55e"
          },
          "sensitive_attributes": [],
          "private": "eyJlMmJmYjczMC1lY2FhLTExZTYtOGY4OC0zNDM2M2JjN2M0YzAiOnsiY3JlYXRlIjoxMjAwMDAwMDAwMDAsImRlbGV0ZSI6MzAwMDAwMDAwMDAwLCJ1cGRhdGUiOjEyMDAwMDAwMDAwMH19",
          "dependencies": [
            "aws_internet_gateway.ig1",
            "aws_nat_gateway.nat-gw1",
            "aws_subnet.public01",
            "aws_vpc.main",
            "aws_eip.tf-eip"
          ]
        }
      ]
    },
    {
      "mode": "managed",
      "type": "aws_route_table_association",
      "name": "private01",
      "provider": "provider[\"registry.terraform.io/hashicorp/aws\"]",
      "instances": [
        {
          "schema_version": 0,
          "attributes": {
            "gateway_id": "",
            "id": "rtbassoc-0f99d66b6c7a7f44e",
            "route_table_id": "rtb-045a24b5999c4d93b",
            "subnet_id": "subnet-0ac858b4dcdf5aba5"
          },
          "sensitive_attributes": [],
          "private": "bnVsbA==",
          "dependencies": [
            "aws_eip.tf-eip",
            "aws_internet_gateway.ig1",
            "aws_nat_gateway.nat-gw1",
            "aws_route_table.tf-private-route-table",
            "aws_subnet.private01",
            "aws_subnet.public01",
            "aws_vpc.main"
          ]
        }
      ]
    },
    {
      "mode": "managed",
      "type": "aws_route_table_association",
      "name": "public01",
      "provider": "provider[\"registry.terraform.io/hashicorp/aws\"]",
      "instances": [
        {
          "schema_version": 0,
          "attributes": {
            "gateway_id": "",
            "id": "rtbassoc-0a57acb71eed1f76c",
            "route_table_id": "rtb-0414e5c34fd3189f2",
            "subnet_id": "subnet-04e5538eeb0a261d7"
          },
          "sensitive_attributes": [],
          "private": "bnVsbA==",
          "dependencies": [
            "aws_internet_gateway.ig1",
            "aws_route_table.test-route-table",
            "aws_subnet.public01",
            "aws_vpc.main"
          ]
        }
      ]
    },
    {
      "mode": "managed",
      "type": "aws_route_table_association",
      "name": "public02",
      "provider": "provider[\"registry.terraform.io/hashicorp/aws\"]",
      "instances": [
        {
          "schema_version": 0,
          "attributes": {
            "gateway_id": "",
            "id": "rtbassoc-088839d42ed2919f6",
            "route_table_id": "rtb-0414e5c34fd3189f2",
            "subnet_id": "subnet-07d26758f0c923525"
          },
          "sensitive_attributes": [],
          "private": "bnVsbA==",
          "dependencies": [
            "aws_internet_gateway.ig1",
            "aws_route_table.test-route-table",
            "aws_subnet.public02",
            "aws_vpc.main"
          ]
        }
      ]
    },
    {
      "mode": "managed",
      "type": "aws_security_group",
      "name": "deploy9-private-security-group",
      "provider": "provider[\"registry.terraform.io/hashicorp/aws\"]",
      "instances": [
        {
          "schema_version": 1,
          "attributes": {
            "arn": "arn:aws:ec2:us-east-1:751176294426:security-group/sg-0d131cdced9bea4e3",
            "description": "Allow web traffic",
            "egress": [
              {
                "cidr_blocks": [
                  "0.0.0.0/0"
                ],
                "description": "All exit",
                "from_port": 0,
                "ipv6_cidr_blocks": [
                  "::/0"
                ],
                "prefix_list_ids": [],
                "protocol": "-1",
                "security_groups": [],
                "self": false,
                "to_port": 0
              }
            ],
            "id": "sg-0d131cdced9bea4e3",
            "ingress": [
              {
                "cidr_blocks": [
                  "0.0.0.0/0"
                ],
                "description": "HTTP",
                "from_port": 80,
                "ipv6_cidr_blocks": [],
                "prefix_list_ids": [],
                "protocol": "tcp",
                "security_groups": [],
                "self": false,
                "to_port": 80
              },
              {
                "cidr_blocks": [
                  "0.0.0.0/0"
                ],
                "description": "HTTPS",
                "from_port": 443,
                "ipv6_cidr_blocks": [],
                "prefix_list_ids": [],
                "protocol": "tcp",
                "security_groups": [],
                "self": false,
                "to_port": 443
              }
            ],
            "name": "project1-web-traffic",
            "name_prefix": "",
            "owner_id": "751176294426",
            "revoke_rules_on_delete": false,
            "tags": {
              "Name": "deploy9-allow-web-traffic"
            },
            "tags_all": {
              "Deployment": "DEPLOYMENT_09_TERRAFORM",
              "Name": "deploy9-allow-web-traffic",
              "Team": "Kura Labs"
            },
            "timeouts": null,
            "vpc_id": "vpc-0972e35e18fa9e55e"
          },
          "sensitive_attributes": [],
          "private": "eyJlMmJmYjczMC1lY2FhLTExZTYtOGY4OC0zNDM2M2JjN2M0YzAiOnsiY3JlYXRlIjo2MDAwMDAwMDAwMDAsImRlbGV0ZSI6OTAwMDAwMDAwMDAwfSwic2NoZW1hX3ZlcnNpb24iOiIxIn0=",
          "dependencies": [
            "aws_vpc.main"
          ]
        }
      ]
    },
    {
      "mode": "managed",
      "type": "aws_subnet",
      "name": "private01",
      "provider": "provider[\"registry.terraform.io/hashicorp/aws\"]",
      "instances": [
        {
          "schema_version": 1,
          "attributes": {
            "arn": "arn:aws:ec2:us-east-1:751176294426:subnet/subnet-0ac858b4dcdf5aba5",
            "assign_ipv6_address_on_creation": false,
            "availability_zone": "us-east-1a",
            "availability_zone_id": "use1-az2",
            "cidr_block": "10.0.2.0/24",
            "customer_owned_ipv4_pool": "",
            "id": "subnet-0ac858b4dcdf5aba5",
            "ipv6_cidr_block": "",
            "ipv6_cidr_block_association_id": "",
            "map_customer_owned_ip_on_launch": false,
            "map_public_ip_on_launch": false,
            "outpost_arn": "",
            "owner_id": "751176294426",
            "tags": {
              "Name": "Private01"
            },
            "tags_all": {
              "Deployment": "DEPLOYMENT_09_TERRAFORM",
              "Name": "Private01",
              "Team": "Kura Labs"
            },
            "timeouts": null,
            "vpc_id": "vpc-0972e35e18fa9e55e"
          },
          "sensitive_attributes": [],
          "private": "eyJlMmJmYjczMC1lY2FhLTExZTYtOGY4OC0zNDM2M2JjN2M0YzAiOnsiY3JlYXRlIjo2MDAwMDAwMDAwMDAsImRlbGV0ZSI6MTIwMDAwMDAwMDAwMH0sInNjaGVtYV92ZXJzaW9uIjoiMSJ9",
          "dependencies": [
            "aws_vpc.main"
          ]
        }
      ]
    },
    {
      "mode": "managed",
      "type": "aws_subnet",
      "name": "public01",
      "provider": "provider[\"registry.terraform.io/hashicorp/aws\"]",
      "instances": [
        {
          "schema_version": 1,
          "attributes": {
            "arn": "arn:aws:ec2:us-east-1:751176294426:subnet/subnet-04e5538eeb0a261d7",
            "assign_ipv6_address_on_creation": false,
            "availability_zone": "us-east-1a",
            "availability_zone_id": "use1-az2",
            "cidr_block": "10.0.1.0/24",
            "customer_owned_ipv4_pool": "",
            "id": "subnet-04e5538eeb0a261d7",
            "ipv6_cidr_block": "",
            "ipv6_cidr_block_association_id": "",
            "map_customer_owned_ip_on_launch": false,
            "map_public_ip_on_launch": false,
            "outpost_arn": "",
            "owner_id": "751176294426",
            "tags": {
              "Name": "Public01"
            },
            "tags_all": {
              "Deployment": "DEPLOYMENT_09_TERRAFORM",
              "Name": "Public01",
              "Team": "Kura Labs"
            },
            "timeouts": null,
            "vpc_id": "vpc-0972e35e18fa9e55e"
          },
          "sensitive_attributes": [],
          "private": "eyJlMmJmYjczMC1lY2FhLTExZTYtOGY4OC0zNDM2M2JjN2M0YzAiOnsiY3JlYXRlIjo2MDAwMDAwMDAwMDAsImRlbGV0ZSI6MTIwMDAwMDAwMDAwMH0sInNjaGVtYV92ZXJzaW9uIjoiMSJ9",
          "dependencies": [
            "aws_vpc.main"
          ]
        }
      ]
    },
    {
      "mode": "managed",
      "type": "aws_subnet",
      "name": "public02",
      "provider": "provider[\"registry.terraform.io/hashicorp/aws\"]",
      "instances": [
        {
          "schema_version": 1,
          "attributes": {
            "arn": "arn:aws:ec2:us-east-1:751176294426:subnet/subnet-07d26758f0c923525",
            "assign_ipv6_address_on_creation": false,
            "availability_zone": "us-east-1b",
            "availability_zone_id": "use1-az4",
            "cidr_block": "10.0.3.0/24",
            "customer_owned_ipv4_pool": "",
            "id": "subnet-07d26758f0c923525",
            "ipv6_cidr_block": "",
            "ipv6_cidr_block_association_id": "",
            "map_customer_owned_ip_on_launch": false,
            "map_public_ip_on_launch": false,
            "outpost_arn": "",
            "owner_id": "751176294426",
            "tags": {
              "Name": "Public02"
            },
            "tags_all": {
              "Deployment": "DEPLOYMENT_09_TERRAFORM",
              "Name": "Public02",
              "Team": "Kura Labs"
            },
            "timeouts": null,
            "vpc_id": "vpc-0972e35e18fa9e55e"
          },
          "sensitive_attributes": [],
          "private": "eyJlMmJmYjczMC1lY2FhLTExZTYtOGY4OC0zNDM2M2JjN2M0YzAiOnsiY3JlYXRlIjo2MDAwMDAwMDAwMDAsImRlbGV0ZSI6MTIwMDAwMDAwMDAwMH0sInNjaGVtYV92ZXJzaW9uIjoiMSJ9",
          "dependencies": [
            "aws_vpc.main"
          ]
        }
      ]
    },
    {
      "mode": "managed",
      "type": "aws_vpc",
      "name": "main",
      "provider": "provider[\"registry.terraform.io/hashicorp/aws\"]",
      "instances": [
        {
          "schema_version": 1,
          "attributes": {
            "arn": "arn:aws:ec2:us-east-1:751176294426:vpc/vpc-0972e35e18fa9e55e",
            "assign_generated_ipv6_cidr_block": false,
            "cidr_block": "10.0.0.0/18",
            "default_network_acl_id": "acl-0cd7774fd5374d042",
            "default_route_table_id": "rtb-0c4c017904abd1b56",
            "default_security_group_id": "sg-023edfab608176f67",
            "dhcp_options_id": "dopt-0b097738359044240",
            "enable_classiclink": false,
            "enable_classiclink_dns_support": false,
            "enable_dns_hostnames": false,
            "enable_dns_support": true,
            "id": "vpc-0972e35e18fa9e55e",
            "instance_tenancy": "default",
            "ipv4_ipam_pool_id": null,
            "ipv4_netmask_length": null,
            "ipv6_association_id": "",
            "ipv6_cidr_block": "",
            "ipv6_ipam_pool_id": null,
            "ipv6_netmask_length": null,
            "main_route_table_id": "rtb-0c4c017904abd1b56",
            "owner_id": "751176294426",
            "tags": {
              "Name": "Main VPC"
            },
            "tags_all": {
              "Deployment": "DEPLOYMENT_09_TERRAFORM",
              "Name": "Main VPC",
              "Team": "Kura Labs"
            }
          },
          "sensitive_attributes": [],
          "private": "eyJzY2hlbWFfdmVyc2lvbiI6IjEifQ=="
        }
      ]
    }
  ]
}
