{
  "version": 4,
  "terraform_version": "1.0.11",
  "serial": 1,
  "lineage": "80be1023-9a75-5076-1762-fda9fff7f935",
  "outputs": {},
  "resources": [
    {
      "mode": "managed",
      "type": "aws_vpc",
      "name": "main",
      "provider": "provider[\"registry.terraform.io/hashicorp/aws\"]",
      "instances": [
        {
          "schema_version": 1,
          "attributes": {
            "arn": "arn:aws:ec2:us-east-1:829789961825:vpc/vpc-0812baf3919f3c679",
            "assign_generated_ipv6_cidr_block": false,
            "cidr_block": "10.0.0.0/18",
            "default_network_acl_id": "acl-0b4e768d1cb331570",
            "default_route_table_id": "rtb-02af679f80f7f8c67",
            "default_security_group_id": "sg-0fff098e0a3d6c0da",
            "dhcp_options_id": "dopt-f9a79d83",
            "enable_classiclink": false,
            "enable_classiclink_dns_support": false,
            "enable_dns_hostnames": false,
            "enable_dns_support": true,
            "id": "vpc-0812baf3919f3c679",
            "instance_tenancy": "default",
            "ipv4_ipam_pool_id": null,
            "ipv4_netmask_length": null,
            "ipv6_association_id": "",
            "ipv6_cidr_block": "",
            "ipv6_ipam_pool_id": null,
            "ipv6_netmask_length": null,
            "main_route_table_id": "rtb-02af679f80f7f8c67",
            "owner_id": "829789961825",
            "tags": {
              "Name": "Main VPC"
            },
            "tags_all": {
              "Deployment": "DEPLOYMENT_09_TERRAFORM",
              "Name": "Main VPC",
              "Team": "Kura Labs"
            }
          },
          "sensitive_attributes": [],
          "private": "eyJzY2hlbWFfdmVyc2lvbiI6IjEifQ=="
        }
      ]
    }
  ]
}
